{
  "name": "cm-chessboard-eight-queens-puzzle",
  "version": "1.1.1",
  "lockfileVersion": 3,
  "requires": true,
  "packages": {
    "": {
      "name": "cm-chessboard-eight-queens-puzzle",
      "version": "1.1.1",
      "license": "MIT",
      "dependencies": {
        "cm-chessboard": "^8.2.0",
        "extreme-minimal-css": "^1.2.1"
      }
    },
    "node_modules/cm-chessboard": {
      "version": "8.2.0",
      "resolved": "https://registry.npmjs.org/cm-chessboard/-/cm-chessboard-8.2.0.tgz",
      "integrity": "sha512-ny2wgyCxIRDG6hQYSKB1FCuxaWaxMTTlAL43YlG16y9HALWWhtldCVdO6lCzqjt4TRMYgC4AFX+lmviR7pGPHw=="
    },
    "node_modules/extreme-minimal-css": {
      "version": "1.2.1",
      "resolved": "https://registry.npmjs.org/extreme-minimal-css/-/extreme-minimal-css-1.2.1.tgz",
      "integrity": "sha512-CP/sN+Fq4I1N2DjgC01KPvQx8rH4Ibo479NFt0R0zP0Mib9NZGa9mflef9DTY/vT2JoYNouekwjLtPxDLdHn6Q=="
    }
  }
}
