{
  "name": "cm-chessboard-mini-games",
  "version": "1.0.0",
  "lockfileVersion": 3,
  "requires": true,
  "packages": {
    "": {
      "name": "cm-chessboard-mini-games",
      "version": "1.0.0",
      "license": "MIT",
      "dependencies": {
        "cm-chessboard": "^7.7.11",
        "extreme-minimal-css": "^1.0.3"
      }
    },
    "node_modules/cm-chessboard": {
      "version": "7.7.11",
      "resolved": "https://registry.npmjs.org/cm-chessboard/-/cm-chessboard-7.7.11.tgz",
      "integrity": "sha512-ONr/2fVdMORprDNDEKEoL+RX8BOpPR0TDKM3cp3DP67OexomE2Rauie5bi6bZtBce+7u33J4bXshc24aY3Qf0w=="
    },
    "node_modules/extreme-minimal-css": {
      "version": "1.0.3",
      "resolved": "https://registry.npmjs.org/extreme-minimal-css/-/extreme-minimal-css-1.0.3.tgz",
      "integrity": "sha512-gz/vx3FXYv5g70eBA8l8wbVBLwD18wejmAm038a4opNd0Wr0FMxzbhU2AdpXdcpwr4wSGJRFnwoQhxiZ36bIiQ=="
    }
  }
}
