{
  "name": "cm-chessboard-mini-games",
  "version": "1.0.0",
  "lockfileVersion": 3,
  "requires": true,
  "packages": {
    "": {
      "name": "cm-chessboard-mini-games",
      "version": "1.0.0",
      "license": "MIT",
      "dependencies": {
        "cm-chessboard": "^7.7.3"
      }
    },
    "node_modules/cm-chessboard": {
      "version": "7.7.3",
      "resolved": "https://registry.npmjs.org/cm-chessboard/-/cm-chessboard-7.7.3.tgz",
      "integrity": "sha512-xRTuTMF16n/LheNiBqv+5HtyFqIwELdp0/4jZtNggOAEa345TH7pw6rtMfbG8bdHg/I38CR/c4EXSyPW3xpyWw=="
    }
  }
}
